
Microsoft Visual Studio Solution File, Format Version 12.00
# Visual Studio Version 17
VisualStudioVersion = 17.4.33213.308
MinimumVisualStudioVersion = 10.0.40219.1
Project("{FAE04EC0-301F-11D3-BF4B-00C04F79EFBC}") = "StudyBuddyMVC", "StudyBuddyMVC\StudyBuddyMVC.csproj", "{7363A4F3-C384-4AC6-9688-34159E2D6A5D}"
EndProject
Global
	GlobalSection(SolutionConfigurationPlatforms) = preSolution
		Debug|Any CPU = Debug|Any CPU
		Release|Any CPU = Release|Any CPU
	EndGlobalSection
	GlobalSection(ProjectConfigurationPlatforms) = postSolution
		{7363A4F3-C384-4AC6-9688-34159E2D6A5D}.Debug|Any CPU.ActiveCfg = Debug|Any CPU
		{7363A4F3-C384-4AC6-9688-34159E2D6A5D}.Debug|Any CPU.Build.0 = Debug|Any CPU
		{7363A4F3-C384-4AC6-9688-34159E2D6A5D}.Release|Any CPU.ActiveCfg = Release|Any CPU
		{7363A4F3-C384-4AC6-9688-34159E2D6A5D}.Release|Any CPU.Build.0 = Release|Any CPU
	EndGlobalSection
	GlobalSection(SolutionProperties) = preSolution
		HideSolutionNode = FALSE
	EndGlobalSection
	GlobalSection(ExtensibilityGlobals) = postSolution
		SolutionGuid = {4D1D3B54-B8DC-47F4-B247-6065330A2F08}
	EndGlobalSection
EndGlobal
